# THIS IS AN AUTOGENERATED FILE. DO NOT EDIT THIS FILE DIRECTLY.
# yarn lockfile v1


"@types/estree@0.0.39":
  version "0.0.39"
  resolved "https://registry.yarnpkg.com/@types/estree/-/estree-0.0.39.tgz#e177e699ee1b8c22d23174caaa7422644389509f"
  integrity sha512-EYNwp3bU+98cpU4lAWYYL7Zz+2gryWH1qbdDTidVd6hkiR6weksdbMadyXKXNPEkQFhXM+hVO9ZygomHXp+AIw==

"@types/node@*":
  version "10.12.15"
  resolved "https://registry.yarnpkg.com/@types/node/-/node-10.12.15.tgz#20e85651b62fd86656e57c9c9bc771ab1570bc59"
  integrity sha512-9kROxduaN98QghwwHmxXO2Xz3MaWf+I1sLVAA6KJDF5xix+IyXVhds0MAfdNwtcpSrzhaTsNB0/jnL86fgUhqA==

prettier@^1.15.3:
  version "1.15.3"
  resolved "https://registry.yarnpkg.com/prettier/-/prettier-1.15.3.tgz#1feaac5bdd181237b54dbe65d874e02a1472786a"
  integrity sha512-gAU9AGAPMaKb3NNSUUuhhFAS7SCO4ALTN4nRIn6PJ075Qd28Yn2Ig2ahEJWdJwJmlEBTUfC7mMUSFy8MwsOCfg==

rollup@^0.68.0:
  version "0.68.0"
  resolved "https://registry.yarnpkg.com/rollup/-/rollup-0.68.0.tgz#e4fbde2e6278354962be530b498fc485298c0fc3"
  integrity sha512-UbmntCf8QBlOqJnwsNWQCI0oonHOgs9y1OLoO8BHf2r8gCyRLp3JzLHXARJpsNDAS08Qm3LDjzyWma5sqnCxDQ==
  dependencies:
    "@types/estree" "0.0.39"
    "@types/node" "*"
